
Microsoft Visual Studio Solution File, Format Version 12.00
# Visual Studio Version 17
VisualStudioVersion = 17.0.31903.59
MinimumVisualStudioVersion = 10.0.40219.1
Project("{8BC9CEB8-8B4A-11D0-8D11-00A0C91BC942}") = "Hengband", "Hengband\Hengband.vcxproj", "{C00503B6-18FF-42F1-BAC0-6C94EDE62CB2}"
EndProject
Project("{2150E333-8FDC-42A3-9474-1A3956D46DE8}") = "Solution Items", "Solution Items", "{82CF9010-9443-4FFF-ADF0-0D3E81C732CC}"
	ProjectSection(SolutionItems) = preProject
		..\.clang-format = ..\.clang-format
	EndProjectSection
EndProject
Global
	GlobalSection(SolutionConfigurationPlatforms) = preSolution
		Debug|Win32 = Debug|Win32
		English-Debug|Win32 = English-Debug|Win32
		English-Release|Win32 = English-Release|Win32
		Release|Win32 = Release|Win32
	EndGlobalSection
	GlobalSection(ProjectConfigurationPlatforms) = postSolution
		{C00503B6-18FF-42F1-BAC0-6C94EDE62CB2}.Debug|Win32.ActiveCfg = Debug|Win32
		{C00503B6-18FF-42F1-BAC0-6C94EDE62CB2}.Debug|Win32.Build.0 = Debug|Win32
		{C00503B6-18FF-42F1-BAC0-6C94EDE62CB2}.English-Debug|Win32.ActiveCfg = English-Debug|Win32
		{C00503B6-18FF-42F1-BAC0-6C94EDE62CB2}.English-Debug|Win32.Build.0 = English-Debug|Win32
		{C00503B6-18FF-42F1-BAC0-6C94EDE62CB2}.English-Release|Win32.ActiveCfg = English-Release|Win32
		{C00503B6-18FF-42F1-BAC0-6C94EDE62CB2}.English-Release|Win32.Build.0 = English-Release|Win32
		{C00503B6-18FF-42F1-BAC0-6C94EDE62CB2}.Release|Win32.ActiveCfg = Release|Win32
		{C00503B6-18FF-42F1-BAC0-6C94EDE62CB2}.Release|Win32.Build.0 = Release|Win32
	EndGlobalSection
	GlobalSection(SolutionProperties) = preSolution
		HideSolutionNode = FALSE
	EndGlobalSection
	GlobalSection(ExtensibilityGlobals) = postSolution
		SolutionGuid = {4A5E2796-8815-4A42-BF8D-FFEA2E38264E}
	EndGlobalSection
EndGlobal
