<?xml version="1.0" encoding="utf-8"?>
<Project ToolsVersion="4.0" xmlns="http://schemas.microsoft.com/developer/msbuild/2003">
  <ItemGroup>
    <ClCompile Include="..\..\src\main-win.c" />
    <ClCompile Include="..\..\src\readdib.c" />
    <ClCompile Include="..\..\src\z-form.c" />
    <ClCompile Include="..\..\src\z-term.c" />
    <ClCompile Include="..\..\src\warning.c" />
    <ClCompile Include="..\..\src\spells1.c">
      <Filter>spells</Filter>
    </ClCompile>
    <ClCompile Include="..\..\src\spells2.c">
      <Filter>spells</Filter>
    </ClCompile>
    <ClCompile Include="..\..\src\spells3.c">
      <Filter>spells</Filter>
    </ClCompile>
    <ClCompile Include="..\..\src\spells-diceroll.c">
      <Filter>spells</Filter>
    </ClCompile>
    <ClCompile Include="..\..\src\spells-floor.c">
      <Filter>spells</Filter>
    </ClCompile>
    <ClCompile Include="..\..\src\spells-object.c">
      <Filter>spells</Filter>
    </ClCompile>
    <ClCompile Include="..\..\src\spells-status.c">
      <Filter>spells</Filter>
    </ClCompile>
    <ClCompile Include="..\..\src\spells-summon.c">
      <Filter>spells</Filter>
    </ClCompile>
    <ClCompile Include="..\..\src\spells-world.c">
      <Filter>spells</Filter>
    </ClCompile>
    <ClCompile Include="..\..\src\floor-events.c">
      <Filter>floor</Filter>
    </ClCompile>
    <ClCompile Include="..\..\src\floor-generate.c">
      <Filter>floor</Filter>
    </ClCompile>
    <ClCompile Include="..\..\src\floor-save.c">
      <Filter>floor</Filter>
    </ClCompile>
    <ClCompile Include="..\..\src\floor-streams.c">
      <Filter>floor</Filter>
    </ClCompile>
    <ClCompile Include="..\..\src\rooms.c">
      <Filter>floor</Filter>
    </ClCompile>
    <ClCompile Include="..\..\src\rooms-city.c">
      <Filter>floor</Filter>
    </ClCompile>
    <ClCompile Include="..\..\src\rooms-fractal.c">
      <Filter>floor</Filter>
    </ClCompile>
    <ClCompile Include="..\..\src\rooms-normal.c">
      <Filter>floor</Filter>
    </ClCompile>
    <ClCompile Include="..\..\src\rooms-pitnest.c">
      <Filter>floor</Filter>
    </ClCompile>
    <ClCompile Include="..\..\src\rooms-special.c">
      <Filter>floor</Filter>
    </ClCompile>
    <ClCompile Include="..\..\src\rooms-trap.c">
      <Filter>floor</Filter>
    </ClCompile>
    <ClCompile Include="..\..\src\rooms-vault.c">
      <Filter>floor</Filter>
    </ClCompile>
    <ClCompile Include="..\..\src\object1.c">
      <Filter>object</Filter>
    </ClCompile>
    <ClCompile Include="..\..\src\object2.c">
      <Filter>object</Filter>
    </ClCompile>
    <ClCompile Include="..\..\src\object-broken.c">
      <Filter>object</Filter>
    </ClCompile>
    <ClCompile Include="..\..\src\object-curse.c">
      <Filter>object</Filter>
    </ClCompile>
    <ClCompile Include="..\..\src\object-hook.c">
      <Filter>object</Filter>
    </ClCompile>
    <ClCompile Include="..\..\src\objectkind-hook.c">
      <Filter>object</Filter>
    </ClCompile>
    <ClCompile Include="..\..\src\mutation.c">
      <Filter>player</Filter>
    </ClCompile>
    <ClCompile Include="..\..\src\patron.c">
      <Filter>player</Filter>
    </ClCompile>
    <ClCompile Include="..\..\src\player-damage.c">
      <Filter>player</Filter>
    </ClCompile>
    <ClCompile Include="..\..\src\player-move.c">
      <Filter>player</Filter>
    </ClCompile>
    <ClCompile Include="..\..\src\player-status.c">
      <Filter>player</Filter>
    </ClCompile>
    <ClCompile Include="..\..\src\avatar.c">
      <Filter>player</Filter>
    </ClCompile>
    <ClCompile Include="..\..\src\birth.c">
      <Filter>player</Filter>
    </ClCompile>
    <ClCompile Include="..\..\src\artifact.c">
      <Filter>object</Filter>
    </ClCompile>
    <ClCompile Include="..\..\src\autopick.c">
      <Filter>object</Filter>
    </ClCompile>
    <ClCompile Include="..\..\src\chest.c">
      <Filter>object</Filter>
    </ClCompile>
    <ClCompile Include="..\..\src\feature.c">
      <Filter>floor</Filter>
    </ClCompile>
    <ClCompile Include="..\..\src\monster1.c">
      <Filter>monster</Filter>
    </ClCompile>
    <ClCompile Include="..\..\src\monster2.c">
      <Filter>monster</Filter>
    </ClCompile>
    <ClCompile Include="..\..\src\monster-process.c">
      <Filter>monster</Filter>
    </ClCompile>
    <ClCompile Include="..\..\src\monsterrace-hook.c">
      <Filter>monster</Filter>
    </ClCompile>
    <ClCompile Include="..\..\src\monster-status.c">
      <Filter>monster</Filter>
    </ClCompile>
    <ClCompile Include="..\..\src\object-boost.c">
      <Filter>object</Filter>
    </ClCompile>
    <ClCompile Include="..\..\src\dungeon-file.c">
      <Filter>io</Filter>
    </ClCompile>
    <ClCompile Include="..\..\src\init.c" />
    <ClCompile Include="..\..\src\files.c">
      <Filter>io</Filter>
    </ClCompile>
    <ClCompile Include="..\..\src\chuukei.c">
      <Filter>io</Filter>
    </ClCompile>
    <ClCompile Include="..\..\src\player-effects.c">
      <Filter>player</Filter>
    </ClCompile>
    <ClCompile Include="..\..\src\realm-arcane.c">
      <Filter>spells</Filter>
    </ClCompile>
    <ClCompile Include="..\..\src\realm-chaos.c">
      <Filter>spells</Filter>
    </ClCompile>
    <ClCompile Include="..\..\src\realm-craft.c">
      <Filter>spells</Filter>
    </ClCompile>
    <ClCompile Include="..\..\src\realm-crusade.c">
      <Filter>spells</Filter>
    </ClCompile>
    <ClCompile Include="..\..\src\realm-daemon.c">
      <Filter>spells</Filter>
    </ClCompile>
    <ClCompile Include="..\..\src\realm-death.c">
      <Filter>spells</Filter>
    </ClCompile>
    <ClCompile Include="..\..\src\realm-hex.c">
      <Filter>spells</Filter>
    </ClCompile>
    <ClCompile Include="..\..\src\realm-hissatsu.c">
      <Filter>spells</Filter>
    </ClCompile>
    <ClCompile Include="..\..\src\realm-life.c">
      <Filter>spells</Filter>
    </ClCompile>
    <ClCompile Include="..\..\src\realm-nature.c">
      <Filter>spells</Filter>
    </ClCompile>
    <ClCompile Include="..\..\src\realm-song.c">
      <Filter>spells</Filter>
    </ClCompile>
    <ClCompile Include="..\..\src\realm-sorcery.c">
      <Filter>spells</Filter>
    </ClCompile>
    <ClCompile Include="..\..\src\realm-trump.c">
      <Filter>spells</Filter>
    </ClCompile>
    <ClCompile Include="..\..\src\mspells4.c">
      <Filter>spells</Filter>
    </ClCompile>
    <ClCompile Include="..\..\src\mspells1.c">
      <Filter>spells</Filter>
    </ClCompile>
    <ClCompile Include="..\..\src\mspells2.c">
      <Filter>spells</Filter>
    </ClCompile>
    <ClCompile Include="..\..\src\mspells3.c">
      <Filter>spells</Filter>
    </ClCompile>
    <ClCompile Include="..\..\src\geometry.c">
      <Filter>floor</Filter>
    </ClCompile>
    <ClCompile Include="..\..\src\grid.c">
      <Filter>floor</Filter>
    </ClCompile>
    <ClCompile Include="..\..\src\store.c">
      <Filter>market</Filter>
    </ClCompile>
    <ClCompile Include="..\..\src\bldg.c">
      <Filter>market</Filter>
    </ClCompile>
    <ClCompile Include="..\..\src\rumor.c">
      <Filter>market</Filter>
    </ClCompile>
    <ClCompile Include="..\..\src\load.c">
      <Filter>io</Filter>
    </ClCompile>
    <ClCompile Include="..\..\src\save.c">
      <Filter>io</Filter>
    </ClCompile>
    <ClCompile Include="..\..\src\mind.c">
      <Filter>spells</Filter>
    </ClCompile>
    <ClCompile Include="..\..\src\player-skill.c">
      <Filter>player</Filter>
    </ClCompile>
    <ClCompile Include="..\..\src\floor.c">
      <Filter>floor</Filter>
    </ClCompile>
    <ClCompile Include="..\..\src\dungeon.c">
      <Filter>floor</Filter>
    </ClCompile>
    <ClCompile Include="..\..\src\player-class.c">
      <Filter>player</Filter>
    </ClCompile>
    <ClCompile Include="..\..\src\objectkind.c">
      <Filter>object</Filter>
    </ClCompile>
    <ClCompile Include="..\..\src\monsterrace.c">
      <Filter>monster</Filter>
    </ClCompile>
    <ClCompile Include="..\..\src\object-ego.c">
      <Filter>object</Filter>
    </ClCompile>
    <ClCompile Include="..\..\src\floor-town.c">
      <Filter>floor</Filter>
    </ClCompile>
    <ClCompile Include="..\..\src\player-race.c">
      <Filter>player</Filter>
    </ClCompile>
    <ClCompile Include="..\..\src\player-personality.c">
      <Filter>player</Filter>
    </ClCompile>
    <ClCompile Include="..\..\src\player-sex.c">
      <Filter>player</Filter>
    </ClCompile>
    <ClCompile Include="..\..\src\core.c">
      <Filter>core</Filter>
    </ClCompile>
    <ClCompile Include="..\..\src\history.c">
      <Filter>player</Filter>
    </ClCompile>
    <ClCompile Include="..\..\src\view-mainwindow.c">
      <Filter>io</Filter>
    </ClCompile>
    <ClCompile Include="..\..\src\term.c">
      <Filter>io</Filter>
    </ClCompile>
    <ClCompile Include="..\..\src\wild.c">
      <Filter>floor</Filter>
    </ClCompile>
    <ClCompile Include="..\..\src\world.c">
      <Filter>floor</Filter>
    </ClCompile>
    <ClCompile Include="..\..\src\quest.c">
      <Filter>market</Filter>
    </ClCompile>
    <ClCompile Include="..\..\src\selfinfo.c">
      <Filter>player</Filter>
    </ClCompile>
    <ClCompile Include="..\..\src\util.c">
      <Filter>core</Filter>
    </ClCompile>
    <ClCompile Include="..\..\src\sort.c">
      <Filter>core</Filter>
    </ClCompile>
    <ClCompile Include="..\..\src\scores.c">
      <Filter>core</Filter>
    </ClCompile>
    <ClCompile Include="..\..\src\trap.c">
      <Filter>floor</Filter>
    </ClCompile>
    <ClCompile Include="..\..\src\z-util.c">
      <Filter>core</Filter>
    </ClCompile>
    <ClCompile Include="..\..\src\z-virt.c">
      <Filter>core</Filter>
    </ClCompile>
    <ClCompile Include="..\..\src\z-rand.c">
      <Filter>core</Filter>
    </ClCompile>
    <ClCompile Include="..\..\src\wizard2.c">
      <Filter>cmd</Filter>
    </ClCompile>
    <ClCompile Include="..\..\src\wizard1.c">
      <Filter>cmd</Filter>
    </ClCompile>
    <ClCompile Include="..\..\src\report.c">
      <Filter>io</Filter>
    </ClCompile>
    <ClCompile Include="..\..\src\racial.c">
      <Filter>cmd</Filter>
    </ClCompile>
    <ClCompile Include="..\..\src\snipe.c">
      <Filter>cmd</Filter>
    </ClCompile>
    <ClCompile Include="..\..\src\targeting.c">
      <Filter>io</Filter>
    </ClCompile>
    <ClCompile Include="..\..\src\realm.c">
      <Filter>spells</Filter>
    </ClCompile>
    <ClCompile Include="..\..\src\creature.c">
      <Filter>creature</Filter>
    </ClCompile>
    <ClCompile Include="..\..\src\inet.c">
      <Filter>io</Filter>
    </ClCompile>
    <ClCompile Include="..\..\src\japanese.c">
      <Filter>locale</Filter>
    </ClCompile>
    <ClCompile Include="..\..\src\english.c">
      <Filter>locale</Filter>
    </ClCompile>
    <ClCompile Include="..\..\src\object-flavor.c">
      <Filter>object</Filter>
    </ClCompile>
    <ClCompile Include="..\..\src\player-inventory.c">
      <Filter>player</Filter>
    </ClCompile>
    <ClCompile Include="..\..\src\cmd\cmd-activate.c">
      <Filter>cmd</Filter>
    </ClCompile>
    <ClCompile Include="..\..\src\cmd\cmd-basic.c">
      <Filter>cmd</Filter>
    </ClCompile>
    <ClCompile Include="..\..\src\cmd\cmd-dump.c">
      <Filter>cmd</Filter>
    </ClCompile>
    <ClCompile Include="..\..\src\cmd\cmd-eat.c">
      <Filter>cmd</Filter>
    </ClCompile>
    <ClCompile Include="..\..\src\cmd\cmd-gameoption.c">
      <Filter>cmd</Filter>
    </ClCompile>
    <ClCompile Include="..\..\src\cmd\cmd-hissatsu.c">
      <Filter>cmd</Filter>
    </ClCompile>
    <ClCompile Include="..\..\src\cmd\cmd-item.c">
      <Filter>cmd</Filter>
    </ClCompile>
    <ClCompile Include="..\..\src\cmd\cmd-magiceat.c">
      <Filter>cmd</Filter>
    </ClCompile>
    <ClCompile Include="..\..\src\cmd\cmd-mane.c">
      <Filter>cmd</Filter>
    </ClCompile>
    <ClCompile Include="..\..\src\cmd\cmd-pet.c">
      <Filter>cmd</Filter>
    </ClCompile>
    <ClCompile Include="..\..\src\cmd\cmd-quaff.c">
      <Filter>cmd</Filter>
    </ClCompile>
    <ClCompile Include="..\..\src\cmd\cmd-read.c">
      <Filter>cmd</Filter>
    </ClCompile>
    <ClCompile Include="..\..\src\cmd\cmd-smith.c">
      <Filter>cmd</Filter>
    </ClCompile>
    <ClCompile Include="..\..\src\cmd\cmd-spell.c">
      <Filter>cmd</Filter>
    </ClCompile>
    <ClCompile Include="..\..\src\cmd\cmd-usestaff.c">
      <Filter>cmd</Filter>
    </ClCompile>
    <ClCompile Include="..\..\src\cmd\cmd-zaprod.c">
      <Filter>cmd</Filter>
    </ClCompile>
    <ClCompile Include="..\..\src\cmd\cmd-zapwand.c">
      <Filter>cmd</Filter>
    </ClCompile>
    <ClCompile Include="..\..\src\combat\melee1.c">
      <Filter>combat</Filter>
    </ClCompile>
    <ClCompile Include="..\..\src\combat\shoot.c">
      <Filter>combat</Filter>
    </ClCompile>
    <ClCompile Include="..\..\src\monster-dist-offsets.c">
      <Filter>monster</Filter>
    </ClCompile>
    <ClCompile Include="..\..\src\horror-descriptions.c">
      <Filter>player</Filter>
    </ClCompile>
    <ClCompile Include="..\..\src\signal-handlers.c">
      <Filter>io</Filter>
    </ClCompile>
    <ClCompile Include="..\..\src\view\status-first-page.c">
      <Filter>view</Filter>
    </ClCompile>
    <ClCompile Include="..\..\src\view\display-util.c">
      <Filter>view</Filter>
    </ClCompile>
    <ClCompile Include="..\..\src\uid-checker.c">
      <Filter>io</Filter>
    </ClCompile>
    <ClCompile Include="..\..\src\character-dump.c">
      <Filter>io</Filter>
    </ClCompile>
    <ClCompile Include="..\..\src\player\permanent-resistances.c">
      <Filter>player</Filter>
    </ClCompile>
    <ClCompile Include="..\..\src\player\temporary-resistances.c">
      <Filter>player</Filter>
    </ClCompile>
    <ClCompile Include="..\..\src\view\display-player.c">
      <Filter>view</Filter>
    </ClCompile>
    <ClCompile Include="..\..\src\player\race-resistances.c">
      <Filter>player</Filter>
    </ClCompile>
    <ClCompile Include="..\..\src\view\display-characteristic.c">
      <Filter>view</Filter>
    </ClCompile>
    <ClCompile Include="..\..\src\player\process-death.c">
      <Filter>player</Filter>
    </ClCompile>
  </ItemGroup>
  <ItemGroup>
    <ClInclude Include="..\..\src\gamevalue.h" />
    <ClInclude Include="..\..\src\h-basic.h" />
    <ClInclude Include="..\..\src\h-config.h" />
    <ClInclude Include="..\..\src\h-define.h" />
    <ClInclude Include="..\..\src\h-system.h" />
    <ClInclude Include="..\..\src\h-type.h" />
    <ClInclude Include="..\..\src\init.h" />
    <ClInclude Include="..\..\src\readdib.h" />
    <ClInclude Include="..\..\src\z-form.h" />
    <ClInclude Include="..\..\src\z-term.h" />
    <ClInclude Include="..\..\src\warning.h" />
    <ClInclude Include="..\..\src\spells.h">
      <Filter>spells</Filter>
    </ClInclude>
    <ClInclude Include="..\..\src\spells-diceroll.h">
      <Filter>spells</Filter>
    </ClInclude>
    <ClInclude Include="..\..\src\spells-floor.h">
      <Filter>spells</Filter>
    </ClInclude>
    <ClInclude Include="..\..\src\spells-object.h">
      <Filter>spells</Filter>
    </ClInclude>
    <ClInclude Include="..\..\src\spells-status.h">
      <Filter>spells</Filter>
    </ClInclude>
    <ClInclude Include="..\..\src\spells-summon.h">
      <Filter>spells</Filter>
    </ClInclude>
    <ClInclude Include="..\..\src\spells-world.h">
      <Filter>spells</Filter>
    </ClInclude>
    <ClInclude Include="..\..\src\floor.h">
      <Filter>floor</Filter>
    </ClInclude>
    <ClInclude Include="..\..\src\floor-events.h">
      <Filter>floor</Filter>
    </ClInclude>
    <ClInclude Include="..\..\src\floor-streams.h">
      <Filter>floor</Filter>
    </ClInclude>
    <ClInclude Include="..\..\src\rooms.h">
      <Filter>floor</Filter>
    </ClInclude>
    <ClInclude Include="..\..\src\rooms-city.h">
      <Filter>floor</Filter>
    </ClInclude>
    <ClInclude Include="..\..\src\rooms-fractal.h">
      <Filter>floor</Filter>
    </ClInclude>
    <ClInclude Include="..\..\src\rooms-normal.h">
      <Filter>floor</Filter>
    </ClInclude>
    <ClInclude Include="..\..\src\rooms-pitnest.h">
      <Filter>floor</Filter>
    </ClInclude>
    <ClInclude Include="..\..\src\rooms-special.h">
      <Filter>floor</Filter>
    </ClInclude>
    <ClInclude Include="..\..\src\rooms-trap.h">
      <Filter>floor</Filter>
    </ClInclude>
    <ClInclude Include="..\..\src\rooms-vault.h">
      <Filter>floor</Filter>
    </ClInclude>
    <ClInclude Include="..\..\src\object-broken.h">
      <Filter>object</Filter>
    </ClInclude>
    <ClInclude Include="..\..\src\object-curse.h">
      <Filter>object</Filter>
    </ClInclude>
    <ClInclude Include="..\..\src\object-hook.h">
      <Filter>object</Filter>
    </ClInclude>
    <ClInclude Include="..\..\src\objectkind-hook.h">
      <Filter>object</Filter>
    </ClInclude>
    <ClInclude Include="..\..\src\mutation.h">
      <Filter>player</Filter>
    </ClInclude>
    <ClInclude Include="..\..\src\patron.h">
      <Filter>player</Filter>
    </ClInclude>
    <ClInclude Include="..\..\src\player-damage.h">
      <Filter>player</Filter>
    </ClInclude>
    <ClInclude Include="..\..\src\player-move.h">
      <Filter>player</Filter>
    </ClInclude>
    <ClInclude Include="..\..\src\player-status.h">
      <Filter>player</Filter>
    </ClInclude>
    <ClInclude Include="..\..\src\avatar.h">
      <Filter>player</Filter>
    </ClInclude>
    <ClInclude Include="..\..\src\artifact.h">
      <Filter>object</Filter>
    </ClInclude>
    <ClInclude Include="..\..\src\chest.h">
      <Filter>object</Filter>
    </ClInclude>
    <ClInclude Include="..\..\src\feature.h">
      <Filter>floor</Filter>
    </ClInclude>
    <ClInclude Include="..\..\src\monster.h">
      <Filter>monster</Filter>
    </ClInclude>
    <ClInclude Include="..\..\src\monsterrace-hook.h">
      <Filter>monster</Filter>
    </ClInclude>
    <ClInclude Include="..\..\src\monster-status.h">
      <Filter>monster</Filter>
    </ClInclude>
    <ClInclude Include="..\..\src\object-boost.h">
      <Filter>object</Filter>
    </ClInclude>
    <ClInclude Include="..\..\src\floor-save.h">
      <Filter>floor</Filter>
    </ClInclude>
    <ClInclude Include="..\..\src\floor-generate.h">
      <Filter>floor</Filter>
    </ClInclude>
    <ClInclude Include="..\..\src\monster-process.h">
      <Filter>monster</Filter>
    </ClInclude>
    <ClInclude Include="..\..\src\dungeon-file.h">
      <Filter>io</Filter>
    </ClInclude>
    <ClInclude Include="..\..\src\files.h">
      <Filter>io</Filter>
    </ClInclude>
    <ClInclude Include="..\..\src\chuukei.h">
      <Filter>io</Filter>
    </ClInclude>
    <ClInclude Include="..\..\src\player-effects.h">
      <Filter>player</Filter>
    </ClInclude>
    <ClInclude Include="..\..\src\realm-arcane.h">
      <Filter>spells</Filter>
    </ClInclude>
    <ClInclude Include="..\..\src\realm-chaos.h">
      <Filter>spells</Filter>
    </ClInclude>
    <ClInclude Include="..\..\src\realm-craft.h">
      <Filter>spells</Filter>
    </ClInclude>
    <ClInclude Include="..\..\src\realm-crusade.h">
      <Filter>spells</Filter>
    </ClInclude>
    <ClInclude Include="..\..\src\realm-daemon.h">
      <Filter>spells</Filter>
    </ClInclude>
    <ClInclude Include="..\..\src\realm-death.h">
      <Filter>spells</Filter>
    </ClInclude>
    <ClInclude Include="..\..\src\realm-hex.h">
      <Filter>spells</Filter>
    </ClInclude>
    <ClInclude Include="..\..\src\realm-hissatsu.h">
      <Filter>spells</Filter>
    </ClInclude>
    <ClInclude Include="..\..\src\realm-life.h">
      <Filter>spells</Filter>
    </ClInclude>
    <ClInclude Include="..\..\src\realm-nature.h">
      <Filter>spells</Filter>
    </ClInclude>
    <ClInclude Include="..\..\src\realm-song.h">
      <Filter>spells</Filter>
    </ClInclude>
    <ClInclude Include="..\..\src\realm-sorcery.h">
      <Filter>spells</Filter>
    </ClInclude>
    <ClInclude Include="..\..\src\realm-trump.h">
      <Filter>spells</Filter>
    </ClInclude>
    <ClInclude Include="..\..\src\monster-spell.h">
      <Filter>spells</Filter>
    </ClInclude>
    <ClInclude Include="..\..\src\geometry.h">
      <Filter>floor</Filter>
    </ClInclude>
    <ClInclude Include="..\..\src\grid.h">
      <Filter>floor</Filter>
    </ClInclude>
    <ClInclude Include="..\..\src\store.h">
      <Filter>market</Filter>
    </ClInclude>
    <ClInclude Include="..\..\src\bldg.h">
      <Filter>market</Filter>
    </ClInclude>
    <ClInclude Include="..\..\src\rumor.h">
      <Filter>market</Filter>
    </ClInclude>
    <ClInclude Include="..\..\src\birth.h">
      <Filter>player</Filter>
    </ClInclude>
    <ClInclude Include="..\..\src\mind.h">
      <Filter>spells</Filter>
    </ClInclude>
    <ClInclude Include="..\..\src\object.h">
      <Filter>object</Filter>
    </ClInclude>
    <ClInclude Include="..\..\src\player-skill.h">
      <Filter>player</Filter>
    </ClInclude>
    <ClInclude Include="..\..\src\dungeon.h">
      <Filter>floor</Filter>
    </ClInclude>
    <ClInclude Include="..\..\src\player-class.h">
      <Filter>player</Filter>
    </ClInclude>
    <ClInclude Include="..\..\src\objectkind.h">
      <Filter>object</Filter>
    </ClInclude>
    <ClInclude Include="..\..\src\monsterrace.h">
      <Filter>monster</Filter>
    </ClInclude>
    <ClInclude Include="..\..\src\autopick.h">
      <Filter>object</Filter>
    </ClInclude>
    <ClInclude Include="..\..\src\object-ego.h">
      <Filter>object</Filter>
    </ClInclude>
    <ClInclude Include="..\..\src\floor-town.h">
      <Filter>floor</Filter>
    </ClInclude>
    <ClInclude Include="..\..\src\player-race.h">
      <Filter>player</Filter>
    </ClInclude>
    <ClInclude Include="..\..\src\player-personality.h">
      <Filter>player</Filter>
    </ClInclude>
    <ClInclude Include="..\..\src\player-sex.h">
      <Filter>player</Filter>
    </ClInclude>
    <ClInclude Include="..\..\src\core.h">
      <Filter>core</Filter>
    </ClInclude>
    <ClInclude Include="..\..\src\angband.h">
      <Filter>core</Filter>
    </ClInclude>
    <ClInclude Include="..\..\src\history.h">
      <Filter>player</Filter>
    </ClInclude>
    <ClInclude Include="..\..\src\view-mainwindow.h">
      <Filter>io</Filter>
    </ClInclude>
    <ClInclude Include="..\..\src\term.h">
      <Filter>io</Filter>
    </ClInclude>
    <ClInclude Include="..\..\src\wild.h">
      <Filter>floor</Filter>
    </ClInclude>
    <ClInclude Include="..\..\src\world.h">
      <Filter>floor</Filter>
    </ClInclude>
    <ClInclude Include="..\..\src\quest.h">
      <Filter>market</Filter>
    </ClInclude>
    <ClInclude Include="..\..\src\selfinfo.h">
      <Filter>player</Filter>
    </ClInclude>
    <ClInclude Include="..\..\src\util.h">
      <Filter>core</Filter>
    </ClInclude>
    <ClInclude Include="..\..\src\sort.h">
      <Filter>core</Filter>
    </ClInclude>
    <ClInclude Include="..\..\src\scores.h">
      <Filter>core</Filter>
    </ClInclude>
    <ClInclude Include="..\..\src\trap.h">
      <Filter>floor</Filter>
    </ClInclude>
    <ClInclude Include="..\..\src\z-util.h">
      <Filter>core</Filter>
    </ClInclude>
    <ClInclude Include="..\..\src\z-virt.h">
      <Filter>core</Filter>
    </ClInclude>
    <ClInclude Include="..\..\src\z-rand.h">
      <Filter>core</Filter>
    </ClInclude>
    <ClInclude Include="..\..\src\save.h">
      <Filter>io</Filter>
    </ClInclude>
    <ClInclude Include="..\..\src\load.h">
      <Filter>io</Filter>
    </ClInclude>
    <ClInclude Include="..\..\src\racial.h">
      <Filter>cmd</Filter>
    </ClInclude>
    <ClInclude Include="..\..\src\snipe.h">
      <Filter>cmd</Filter>
    </ClInclude>
    <ClInclude Include="..\..\src\realm.h">
      <Filter>spells</Filter>
    </ClInclude>
    <ClInclude Include="..\..\src\targeting.h">
      <Filter>io</Filter>
    </ClInclude>
    <ClInclude Include="..\..\src\report.h">
      <Filter>io</Filter>
    </ClInclude>
    <ClInclude Include="..\..\src\creature.h">
      <Filter>creature</Filter>
    </ClInclude>
    <ClInclude Include="..\..\src\inet.h">
      <Filter>io</Filter>
    </ClInclude>
    <ClInclude Include="japanese.h">
      <Filter>locale</Filter>
    </ClInclude>
    <ClInclude Include="..\..\src\english.h">
      <Filter>locale</Filter>
    </ClInclude>
    <ClInclude Include="..\..\src\object-flavor.h">
      <Filter>object</Filter>
    </ClInclude>
    <ClInclude Include="..\..\src\player-inventory.h">
      <Filter>player</Filter>
    </ClInclude>
    <ClInclude Include="..\..\src\cmd\cmd-activate.h">
      <Filter>cmd</Filter>
    </ClInclude>
    <ClInclude Include="..\..\src\cmd\cmd-basic.h">
      <Filter>cmd</Filter>
    </ClInclude>
    <ClInclude Include="..\..\src\cmd\cmd-dump.h">
      <Filter>cmd</Filter>
    </ClInclude>
    <ClInclude Include="..\..\src\cmd\cmd-eat.h">
      <Filter>cmd</Filter>
    </ClInclude>
    <ClInclude Include="..\..\src\cmd\cmd-gameoption.h">
      <Filter>cmd</Filter>
    </ClInclude>
    <ClInclude Include="..\..\src\cmd\cmd-hissatsu.h">
      <Filter>cmd</Filter>
    </ClInclude>
    <ClInclude Include="..\..\src\cmd\cmd-item.h">
      <Filter>cmd</Filter>
    </ClInclude>
    <ClInclude Include="..\..\src\cmd\cmd-magiceat.h">
      <Filter>cmd</Filter>
    </ClInclude>
    <ClInclude Include="..\..\src\cmd\cmd-mane.h">
      <Filter>cmd</Filter>
    </ClInclude>
    <ClInclude Include="..\..\src\cmd\cmd-pet.h">
      <Filter>cmd</Filter>
    </ClInclude>
    <ClInclude Include="..\..\src\cmd\cmd-quaff.h">
      <Filter>cmd</Filter>
    </ClInclude>
    <ClInclude Include="..\..\src\cmd\cmd-read.h">
      <Filter>cmd</Filter>
    </ClInclude>
    <ClInclude Include="..\..\src\cmd\cmd-smith.h">
      <Filter>cmd</Filter>
    </ClInclude>
    <ClInclude Include="..\..\src\cmd\cmd-spell.h">
      <Filter>cmd</Filter>
    </ClInclude>
    <ClInclude Include="..\..\src\cmd\cmd-usestaff.h">
      <Filter>cmd</Filter>
    </ClInclude>
    <ClInclude Include="..\..\src\cmd\cmd-zaprod.h">
      <Filter>cmd</Filter>
    </ClInclude>
    <ClInclude Include="..\..\src\cmd\cmd-zapwand.h">
      <Filter>cmd</Filter>
    </ClInclude>
    <ClInclude Include="..\..\src\combat\melee.h">
      <Filter>combat</Filter>
    </ClInclude>
    <ClInclude Include="..\..\src\combat\shoot.h">
      <Filter>combat</Filter>
    </ClInclude>
    <ClInclude Include="..\..\src\monster-dist-offsets.h">
      <Filter>monster</Filter>
    </ClInclude>
    <ClInclude Include="..\..\src\horror-descriptions.h">
      <Filter>player</Filter>
    </ClInclude>
    <ClInclude Include="..\..\src\signal-handlers.h">
      <Filter>io</Filter>
    </ClInclude>
    <ClInclude Include="..\..\src\view\status-first-page.h">
      <Filter>view</Filter>
    </ClInclude>
    <ClInclude Include="..\..\src\view\display-util.h">
      <Filter>view</Filter>
    </ClInclude>
    <ClInclude Include="..\..\src\uid-checker.h">
      <Filter>io</Filter>
    </ClInclude>
    <ClInclude Include="..\..\src\character-dump.h">
      <Filter>io</Filter>
    </ClInclude>
    <ClInclude Include="..\..\src\player\permanent-resistances.h">
      <Filter>player</Filter>
    </ClInclude>
    <ClInclude Include="..\..\src\player\temporary-resistances.h">
      <Filter>player</Filter>
    </ClInclude>
    <ClInclude Include="..\..\src\view\display-player.h">
      <Filter>view</Filter>
    </ClInclude>
    <ClInclude Include="..\..\src\player\race-resistances.h">
      <Filter>player</Filter>
    </ClInclude>
    <ClInclude Include="..\..\src\view\display-characteristic.h">
      <Filter>view</Filter>
    </ClInclude>
    <ClInclude Include="..\..\src\player\process-death.h">
      <Filter>player</Filter>
    </ClInclude>
  </ItemGroup>
  <ItemGroup>
    <None Include="..\..\src\wall.bmp" />
    <None Include="packages.config" />
  </ItemGroup>
  <ItemGroup>
    <Filter Include="cmd">
      <UniqueIdentifier>{587cee92-bfe4-4674-9635-eed1992633f3}</UniqueIdentifier>
    </Filter>
    <Filter Include="floor">
      <UniqueIdentifier>{c7e2056b-fda5-410a-8d23-03ba3f11c051}</UniqueIdentifier>
    </Filter>
    <Filter Include="object">
      <UniqueIdentifier>{52a3c5b6-2312-47a9-bb95-15c0d5e95192}</UniqueIdentifier>
    </Filter>
    <Filter Include="player">
      <UniqueIdentifier>{8fc15fd9-029b-4e7f-ae0b-75b2db215ad0}</UniqueIdentifier>
    </Filter>
    <Filter Include="monster">
      <UniqueIdentifier>{282dc0ea-8c5c-4253-b38c-4f4f0ad87ff9}</UniqueIdentifier>
    </Filter>
    <Filter Include="io">
      <UniqueIdentifier>{1be1a971-e67f-4d7c-ace0-aab22a039851}</UniqueIdentifier>
    </Filter>
    <Filter Include="spells">
      <UniqueIdentifier>{4e443fe1-9ff8-4786-b43f-7e4d106760dc}</UniqueIdentifier>
    </Filter>
    <Filter Include="combat">
      <UniqueIdentifier>{dae7a35f-36af-4097-905f-b9b9aad50d6e}</UniqueIdentifier>
    </Filter>
    <Filter Include="market">
      <UniqueIdentifier>{64225309-2ea6-4822-aeac-0e6165df9a8f}</UniqueIdentifier>
    </Filter>
    <Filter Include="core">
      <UniqueIdentifier>{cbc72021-c88c-4625-b89b-ef126e300cf8}</UniqueIdentifier>
    </Filter>
    <Filter Include="creature">
      <UniqueIdentifier>{60e19cec-2b2f-46e7-9de6-e441c26fb1b3}</UniqueIdentifier>
    </Filter>
    <Filter Include="locale">
      <UniqueIdentifier>{4bdec353-0cac-4e25-98f9-bcc55f2c0ec3}</UniqueIdentifier>
    </Filter>
    <Filter Include="view">
      <UniqueIdentifier>{95a48e4b-b55a-4e99-a3c6-e8badbd1b2cf}</UniqueIdentifier>
    </Filter>
  </ItemGroup>
  <ItemGroup>
    <ResourceCompile Include="..\..\src\angband.rc" />
  </ItemGroup>
</Project>